
Microsoft Visual Studio Solution File, Format Version 12.00
# Visual Studio 14
VisualStudioVersion = 14.0.25420.1
MinimumVisualStudioVersion = 10.0.40219.1
Project("{FAE04EC0-301F-11D3-BF4B-00C04F79EFBC}") = "iRePORT_PingTest", "iRePORT_PingTest\iRePORT_PingTest.csproj", "{AF153539-04DE-49E5-A366-D9834C8507AA}"
EndProject
Global
	GlobalSection(SolutionConfigurationPlatforms) = preSolution
		Debug|Any CPU = Debug|Any CPU
		PROD|Any CPU = PROD|Any CPU
		Release|Any CPU = Release|Any CPU
		TEST|Any CPU = TEST|Any CPU
	EndGlobalSection
	GlobalSection(ProjectConfigurationPlatforms) = postSolution
		{AF153539-04DE-49E5-A366-D9834C8507AA}.Debug|Any CPU.ActiveCfg = Debug|Any CPU
		{AF153539-04DE-49E5-A366-D9834C8507AA}.Debug|Any CPU.Build.0 = Debug|Any CPU
		{AF153539-04DE-49E5-A366-D9834C8507AA}.PROD|Any CPU.ActiveCfg = PROD|Any CPU
		{AF153539-04DE-49E5-A366-D9834C8507AA}.PROD|Any CPU.Build.0 = PROD|Any CPU
		{AF153539-04DE-49E5-A366-D9834C8507AA}.Release|Any CPU.ActiveCfg = Release|Any CPU
		{AF153539-04DE-49E5-A366-D9834C8507AA}.Release|Any CPU.Build.0 = Release|Any CPU
		{AF153539-04DE-49E5-A366-D9834C8507AA}.TEST|Any CPU.ActiveCfg = TEST|Any CPU
		{AF153539-04DE-49E5-A366-D9834C8507AA}.TEST|Any CPU.Build.0 = TEST|Any CPU
	EndGlobalSection
	GlobalSection(SolutionProperties) = preSolution
		HideSolutionNode = FALSE
	EndGlobalSection
EndGlobal
